
Microsoft Visual Studio Solution File, Format Version 12.00
# Visual Studio Version 17
VisualStudioVersion = 17.14.36310.24 d17.14
MinimumVisualStudioVersion = 10.0.40219.1
Project("{FAE04EC0-301F-11D3-BF4B-00C04F79EFBC}") = "Quizzz.Api", "Quizzz.Api\Quizzz.Api.csproj", "{2ADD3EE7-3A02-4925-9D20-8415D2EFBED1}"
EndProject
Global
	GlobalSection(SolutionConfigurationPlatforms) = preSolution
		Debug|Any CPU = Debug|Any CPU
		Release|Any CPU = Release|Any CPU
	EndGlobalSection
	GlobalSection(ProjectConfigurationPlatforms) = postSolution
		{2ADD3EE7-3A02-4925-9D20-8415D2EFBED1}.Debug|Any CPU.ActiveCfg = Debug|Any CPU
		{2ADD3EE7-3A02-4925-9D20-8415D2EFBED1}.Debug|Any CPU.Build.0 = Debug|Any CPU
		{2ADD3EE7-3A02-4925-9D20-8415D2EFBED1}.Release|Any CPU.ActiveCfg = Release|Any CPU
		{2ADD3EE7-3A02-4925-9D20-8415D2EFBED1}.Release|Any CPU.Build.0 = Release|Any CPU
	EndGlobalSection
	GlobalSection(SolutionProperties) = preSolution
		HideSolutionNode = FALSE
	EndGlobalSection
	GlobalSection(ExtensibilityGlobals) = postSolution
		SolutionGuid = {C9F10E49-BD21-4CBF-B02B-6E67FDBB246A}
	EndGlobalSection
EndGlobal
